
Microsoft Visual Studio Solution File, Format Version 12.00
# Visual Studio Version 16
VisualStudioVersion = 16.0.31112.23
MinimumVisualStudioVersion = 10.0.40219.1
Project("{FAE04EC0-301F-11D3-BF4B-00C04F79EFBC}") = "EmptyImporter", "EmptyImporter\EmptyImporter.csproj", "{4BD01EF1-DF9B-4435-94F9-DA76494EA9C3}"
EndProject
Global
	GlobalSection(SolutionConfigurationPlatforms) = preSolution
		Debug|Any CPU = Debug|Any CPU
		Release|Any CPU = Release|Any CPU
	EndGlobalSection
	GlobalSection(ProjectConfigurationPlatforms) = postSolution
		{4BD01EF1-DF9B-4435-94F9-DA76494EA9C3}.Debug|Any CPU.ActiveCfg = Debug|Any CPU
		{4BD01EF1-DF9B-4435-94F9-DA76494EA9C3}.Debug|Any CPU.Build.0 = Debug|Any CPU
		{4BD01EF1-DF9B-4435-94F9-DA76494EA9C3}.Release|Any CPU.ActiveCfg = Release|Any CPU
		{4BD01EF1-DF9B-4435-94F9-DA76494EA9C3}.Release|Any CPU.Build.0 = Release|Any CPU
	EndGlobalSection
	GlobalSection(SolutionProperties) = preSolution
		HideSolutionNode = FALSE
	EndGlobalSection
	GlobalSection(ExtensibilityGlobals) = postSolution
		SolutionGuid = {0C0A0B07-8988-4CE5-B568-3DB3B3CBF813}
	EndGlobalSection
EndGlobal
